
Microsoft Visual Studio Solution File, Format Version 12.00
# Visual Studio Version 16
VisualStudioVersion = 16.0.30413.136
MinimumVisualStudioVersion = 10.0.40219.1
Project("{FAE04EC0-301F-11D3-BF4B-00C04F79EFBC}") = "ProductReviewManagement-LINQ", "ProductReviewManagement-LINQ\ProductReviewManagement-LINQ.csproj", "{981B3F82-B483-490A-A701-A6761FDDE436}"
EndProject
Global
	GlobalSection(SolutionConfigurationPlatforms) = preSolution
		Debug|Any CPU = Debug|Any CPU
		Release|Any CPU = Release|Any CPU
	EndGlobalSection
	GlobalSection(ProjectConfigurationPlatforms) = postSolution
		{981B3F82-B483-490A-A701-A6761FDDE436}.Debug|Any CPU.ActiveCfg = Debug|Any CPU
		{981B3F82-B483-490A-A701-A6761FDDE436}.Debug|Any CPU.Build.0 = Debug|Any CPU
		{981B3F82-B483-490A-A701-A6761FDDE436}.Release|Any CPU.ActiveCfg = Release|Any CPU
		{981B3F82-B483-490A-A701-A6761FDDE436}.Release|Any CPU.Build.0 = Release|Any CPU
	EndGlobalSection
	GlobalSection(SolutionProperties) = preSolution
		HideSolutionNode = FALSE
	EndGlobalSection
	GlobalSection(ExtensibilityGlobals) = postSolution
		SolutionGuid = {DE90FFD8-6002-4EC5-BBE3-A8FE511BB5B2}
	EndGlobalSection
EndGlobal
